
Microsoft Visual Studio Solution File, Format Version 12.00
# Visual Studio Version 17
VisualStudioVersion = 17.0.31903.59
MinimumVisualStudioVersion = 10.0.40219.1
Project("{2150E333-8FDC-42A3-9474-1A3956D46DE8}") = "src", "src", "{827E0CD3-B72D-47B6-A68D-7590B98EB39B}"
EndProject
Project("{FAE04EC0-301F-11D3-BF4B-00C04F79EFBC}") = "CSweet.AgentBroker", "src\CSweet.AgentBroker\CSweet.AgentBroker.csproj", "{02FFBEC2-E724-4A54-95C8-6E0A6C09B179}"
EndProject
Project("{FAE04EC0-301F-11D3-BF4B-00C04F79EFBC}") = "CSweet.ExecutionArtifacts", "src\CSweet.ExecutionArtifacts\CSweet.ExecutionArtifacts.csproj", "{7CF7D9C9-0046-4E14-8356-8A1A9305039A}"
EndProject
Project("{FAE04EC0-301F-11D3-BF4B-00C04F79EFBC}") = "CSweet.AgentHost", "src\CSweet.AgentHost\CSweet.AgentHost.csproj", "{D311BF98-328E-4FF0-B026-C4B028C7C3F4}"
EndProject
Project("{FAE04EC0-301F-11D3-BF4B-00C04F79EFBC}") = "CSweet.AI", "src\CSweet.AI\CSweet.AI.csproj", "{0669C874-03EF-4123-B007-E1D07CD2C99A}"
EndProject
Project("{FAE04EC0-301F-11D3-BF4B-00C04F79EFBC}") = "CSweet.Api", "src\CSweet.Api\CSweet.Api.csproj", "{3AF40851-881A-4CED-84F3-03074E611194}"
EndProject
Project("{FAE04EC0-301F-11D3-BF4B-00C04F79EFBC}") = "CSweet.App", "src\CSweet.App\CSweet.App.csproj", "{E6E6067A-5700-42E2-BC82-6B9B8122CA64}"
EndProject
Project("{FAE04EC0-301F-11D3-BF4B-00C04F79EFBC}") = "CSweet.AppHost", "src\CSweet.AppHost\CSweet.AppHost.csproj", "{A0334C14-D57E-4A4E-B33E-8B9E726670BB}"
EndProject
Project("{FAE04EC0-301F-11D3-BF4B-00C04F79EFBC}") = "CSweet.Application", "src\CSweet.Application\CSweet.Application.csproj", "{B0F9E708-AD7A-485A-84C6-145FC1ED8F2E}"
EndProject
Project("{FAE04EC0-301F-11D3-BF4B-00C04F79EFBC}") = "CSweet.Contracts", "src\CSweet.Contracts\CSweet.Contracts.csproj", "{0B0A1C6A-799D-466E-BF6D-184880D053F1}"
EndProject
Project("{FAE04EC0-301F-11D3-BF4B-00C04F79EFBC}") = "CSweet.Domain", "src\CSweet.Domain\CSweet.Domain.csproj", "{E5A9F321-3F25-4E5F-B315-162F7B4888E6}"
EndProject
Project("{FAE04EC0-301F-11D3-BF4B-00C04F79EFBC}") = "CSweet.ExecutionGateway", "src\CSweet.ExecutionGateway\CSweet.ExecutionGateway.csproj", "{509414A2-C40F-4186-A876-C22E63226F49}"
EndProject
Project("{FAE04EC0-301F-11D3-BF4B-00C04F79EFBC}") = "CSweet.GitHost", "src\CSweet.GitHost\CSweet.GitHost.csproj", "{BED8F227-0157-49C0-983E-9DBA1C1D0A5F}"
EndProject
Project("{FAE04EC0-301F-11D3-BF4B-00C04F79EFBC}") = "CSweet.Infrastructure", "src\CSweet.Infrastructure\CSweet.Infrastructure.csproj", "{9E6679D3-C6B9-43A3-B1FF-AA1FCABF7102}"
EndProject
Project("{FAE04EC0-301F-11D3-BF4B-00C04F79EFBC}") = "CSweet.Migrator", "src\CSweet.Migrator\CSweet.Migrator.csproj", "{8D47D2E1-8837-4BCE-B695-638CB27BEEB6}"
EndProject
Project("{FAE04EC0-301F-11D3-BF4B-00C04F79EFBC}") = "CSweet.Maui", "src\CSweet.Maui\CSweet.Maui.csproj", "{3872CA74-469C-41B1-AC2A-4943845C239E}"
EndProject
Project("{FAE04EC0-301F-11D3-BF4B-00C04F79EFBC}") = "CSweet.Plugin.SDK", "src\CSweet.Plugin.SDK\CSweet.Plugin.SDK.csproj", "{6DB319AC-5E7C-4059-A2AB-D63600D3854B}"
EndProject
Project("{FAE04EC0-301F-11D3-BF4B-00C04F79EFBC}") = "CSweet.UI", "src\CSweet.UI\CSweet.UI.csproj", "{9C9DAD8B-FFEC-4267-B166-E73F706E7D8F}"
EndProject
Project("{FAE04EC0-301F-11D3-BF4B-00C04F79EFBC}") = "CSweet.ServiceDefaults", "src\CSweet.ServiceDefaults\CSweet.ServiceDefaults.csproj", "{9EFD129C-5EFD-4DC6-A9C5-AA815548EA1B}"
EndProject
Project("{FAE04EC0-301F-11D3-BF4B-00C04F79EFBC}") = "CSweet.SourceControlProvisionerHost", "src\CSweet.SourceControlProvisionerHost\CSweet.SourceControlProvisionerHost.csproj", "{D2CA634A-43A3-450A-B36E-5AE018BBE471}"
EndProject
Project("{FAE04EC0-301F-11D3-BF4B-00C04F79EFBC}") = "CSweet.TrustedServices", "src\CSweet.TrustedServices\CSweet.TrustedServices.csproj", "{D0E4B75D-2004-496F-919A-4357D215582A}"
EndProject
Project("{FAE04EC0-301F-11D3-BF4B-00C04F79EFBC}") = "CSweet.WorkerHost", "src\CSweet.WorkerHost\CSweet.WorkerHost.csproj", "{2CAD793B-BB1F-4774-96C0-432E9AED8A0E}"
EndProject
Project("{2150E333-8FDC-42A3-9474-1A3956D46DE8}") = "tests", "tests", "{0AB3BF05-4346-4AA6-1389-037BE0695223}"
EndProject
Project("{FAE04EC0-301F-11D3-BF4B-00C04F79EFBC}") = "CSweet.IntegrationTests", "tests\CSweet.IntegrationTests\CSweet.IntegrationTests.csproj", "{70672947-F0D1-4173-B30C-11E1F53787B4}"
EndProject
Project("{FAE04EC0-301F-11D3-BF4B-00C04F79EFBC}") = "CSweet.UnitTests", "tests\CSweet.UnitTests\CSweet.UnitTests.csproj", "{EB4B0348-27D5-4386-A585-A8C49EE6C838}"
EndProject
Project("{2150E333-8FDC-42A3-9474-1A3956D46DE8}") = "dependencies", "dependencies", "{F313B7C0-2939-4ED8-BC79-D584723C91C7}"
EndProject
Project("{FAE04EC0-301F-11D3-BF4B-00C04F79EFBC}") = "CSweet.Office.Contracts", "..\CSweet.Office.Contracts\src\CSweet.Office.Contracts\CSweet.Office.Contracts.csproj", "{0B6C63F5-D317-4831-83C6-9FE935FA9FE8}"
EndProject
Global
	GlobalSection(SolutionConfigurationPlatforms) = preSolution
		Debug|Any CPU = Debug|Any CPU
		Debug|x64 = Debug|x64
		Debug|x86 = Debug|x86
		Release|Any CPU = Release|Any CPU
		Release|x64 = Release|x64
		Release|x86 = Release|x86
	EndGlobalSection
	GlobalSection(ProjectConfigurationPlatforms) = postSolution
		{02FFBEC2-E724-4A54-95C8-6E0A6C09B179}.Debug|Any CPU.ActiveCfg = Debug|Any CPU
		{02FFBEC2-E724-4A54-95C8-6E0A6C09B179}.Debug|Any CPU.Build.0 = Debug|Any CPU
		{02FFBEC2-E724-4A54-95C8-6E0A6C09B179}.Debug|x64.ActiveCfg = Debug|Any CPU
		{02FFBEC2-E724-4A54-95C8-6E0A6C09B179}.Debug|x64.Build.0 = Debug|Any CPU
		{02FFBEC2-E724-4A54-95C8-6E0A6C09B179}.Debug|x86.ActiveCfg = Debug|Any CPU
		{02FFBEC2-E724-4A54-95C8-6E0A6C09B179}.Debug|x86.Build.0 = Debug|Any CPU
		{02FFBEC2-E724-4A54-95C8-6E0A6C09B179}.Release|Any CPU.ActiveCfg = Release|Any CPU
		{02FFBEC2-E724-4A54-95C8-6E0A6C09B179}.Release|Any CPU.Build.0 = Release|Any CPU
		{02FFBEC2-E724-4A54-95C8-6E0A6C09B179}.Release|x64.ActiveCfg = Release|Any CPU
		{02FFBEC2-E724-4A54-95C8-6E0A6C09B179}.Release|x64.Build.0 = Release|Any CPU
		{02FFBEC2-E724-4A54-95C8-6E0A6C09B179}.Release|x86.ActiveCfg = Release|Any CPU
		{02FFBEC2-E724-4A54-95C8-6E0A6C09B179}.Release|x86.Build.0 = Release|Any CPU
		{7CF7D9C9-0046-4E14-8356-8A1A9305039A}.Debug|Any CPU.ActiveCfg = Debug|Any CPU
		{7CF7D9C9-0046-4E14-8356-8A1A9305039A}.Debug|Any CPU.Build.0 = Debug|Any CPU
		{7CF7D9C9-0046-4E14-8356-8A1A9305039A}.Debug|x64.ActiveCfg = Debug|Any CPU
		{7CF7D9C9-0046-4E14-8356-8A1A9305039A}.Debug|x64.Build.0 = Debug|Any CPU
		{7CF7D9C9-0046-4E14-8356-8A1A9305039A}.Debug|x86.ActiveCfg = Debug|Any CPU
		{7CF7D9C9-0046-4E14-8356-8A1A9305039A}.Debug|x86.Build.0 = Debug|Any CPU
		{7CF7D9C9-0046-4E14-8356-8A1A9305039A}.Release|Any CPU.ActiveCfg = Release|Any CPU
		{7CF7D9C9-0046-4E14-8356-8A1A9305039A}.Release|Any CPU.Build.0 = Release|Any CPU
		{7CF7D9C9-0046-4E14-8356-8A1A9305039A}.Release|x64.ActiveCfg = Release|Any CPU
		{7CF7D9C9-0046-4E14-8356-8A1A9305039A}.Release|x64.Build.0 = Release|Any CPU
		{7CF7D9C9-0046-4E14-8356-8A1A9305039A}.Release|x86.ActiveCfg = Release|Any CPU
		{7CF7D9C9-0046-4E14-8356-8A1A9305039A}.Release|x86.Build.0 = Release|Any CPU
		{D311BF98-328E-4FF0-B026-C4B028C7C3F4}.Debug|Any CPU.ActiveCfg = Debug|Any CPU
		{D311BF98-328E-4FF0-B026-C4B028C7C3F4}.Debug|Any CPU.Build.0 = Debug|Any CPU
		{D311BF98-328E-4FF0-B026-C4B028C7C3F4}.Debug|x64.ActiveCfg = Debug|Any CPU
		{D311BF98-328E-4FF0-B026-C4B028C7C3F4}.Debug|x64.Build.0 = Debug|Any CPU
		{D311BF98-328E-4FF0-B026-C4B028C7C3F4}.Debug|x86.ActiveCfg = Debug|Any CPU
		{D311BF98-328E-4FF0-B026-C4B028C7C3F4}.Debug|x86.Build.0 = Debug|Any CPU
		{D311BF98-328E-4FF0-B026-C4B028C7C3F4}.Release|Any CPU.ActiveCfg = Release|Any CPU
		{D311BF98-328E-4FF0-B026-C4B028C7C3F4}.Release|Any CPU.Build.0 = Release|Any CPU
		{D311BF98-328E-4FF0-B026-C4B028C7C3F4}.Release|x64.ActiveCfg = Release|Any CPU
		{D311BF98-328E-4FF0-B026-C4B028C7C3F4}.Release|x64.Build.0 = Release|Any CPU
		{D311BF98-328E-4FF0-B026-C4B028C7C3F4}.Release|x86.ActiveCfg = Release|Any CPU
		{D311BF98-328E-4FF0-B026-C4B028C7C3F4}.Release|x86.Build.0 = Release|Any CPU
		{0669C874-03EF-4123-B007-E1D07CD2C99A}.Debug|Any CPU.ActiveCfg = Debug|Any CPU
		{0669C874-03EF-4123-B007-E1D07CD2C99A}.Debug|Any CPU.Build.0 = Debug|Any CPU
		{0669C874-03EF-4123-B007-E1D07CD2C99A}.Debug|x64.ActiveCfg = Debug|Any CPU
		{0669C874-03EF-4123-B007-E1D07CD2C99A}.Debug|x64.Build.0 = Debug|Any CPU
		{0669C874-03EF-4123-B007-E1D07CD2C99A}.Debug|x86.ActiveCfg = Debug|Any CPU
		{0669C874-03EF-4123-B007-E1D07CD2C99A}.Debug|x86.Build.0 = Debug|Any CPU
		{0669C874-03EF-4123-B007-E1D07CD2C99A}.Release|Any CPU.ActiveCfg = Release|Any CPU
		{0669C874-03EF-4123-B007-E1D07CD2C99A}.Release|Any CPU.Build.0 = Release|Any CPU
		{0669C874-03EF-4123-B007-E1D07CD2C99A}.Release|x64.ActiveCfg = Release|Any CPU
		{0669C874-03EF-4123-B007-E1D07CD2C99A}.Release|x64.Build.0 = Release|Any CPU
		{0669C874-03EF-4123-B007-E1D07CD2C99A}.Release|x86.ActiveCfg = Release|Any CPU
		{0669C874-03EF-4123-B007-E1D07CD2C99A}.Release|x86.Build.0 = Release|Any CPU
		{3AF40851-881A-4CED-84F3-03074E611194}.Debug|Any CPU.ActiveCfg = Debug|Any CPU
		{3AF40851-881A-4CED-84F3-03074E611194}.Debug|Any CPU.Build.0 = Debug|Any CPU
		{3AF40851-881A-4CED-84F3-03074E611194}.Debug|x64.ActiveCfg = Debug|Any CPU
		{3AF40851-881A-4CED-84F3-03074E611194}.Debug|x64.Build.0 = Debug|Any CPU
		{3AF40851-881A-4CED-84F3-03074E611194}.Debug|x86.ActiveCfg = Debug|Any CPU
		{3AF40851-881A-4CED-84F3-03074E611194}.Debug|x86.Build.0 = Debug|Any CPU
		{3AF40851-881A-4CED-84F3-03074E611194}.Release|Any CPU.ActiveCfg = Release|Any CPU
		{3AF40851-881A-4CED-84F3-03074E611194}.Release|Any CPU.Build.0 = Release|Any CPU
		{3AF40851-881A-4CED-84F3-03074E611194}.Release|x64.ActiveCfg = Release|Any CPU
		{3AF40851-881A-4CED-84F3-03074E611194}.Release|x64.Build.0 = Release|Any CPU
		{3AF40851-881A-4CED-84F3-03074E611194}.Release|x86.ActiveCfg = Release|Any CPU
		{3AF40851-881A-4CED-84F3-03074E611194}.Release|x86.Build.0 = Release|Any CPU
		{E6E6067A-5700-42E2-BC82-6B9B8122CA64}.Debug|Any CPU.ActiveCfg = Debug|Any CPU
		{E6E6067A-5700-42E2-BC82-6B9B8122CA64}.Debug|Any CPU.Build.0 = Debug|Any CPU
		{E6E6067A-5700-42E2-BC82-6B9B8122CA64}.Debug|x64.ActiveCfg = Debug|Any CPU
		{E6E6067A-5700-42E2-BC82-6B9B8122CA64}.Debug|x64.Build.0 = Debug|Any CPU
		{E6E6067A-5700-42E2-BC82-6B9B8122CA64}.Debug|x86.ActiveCfg = Debug|Any CPU
		{E6E6067A-5700-42E2-BC82-6B9B8122CA64}.Debug|x86.Build.0 = Debug|Any CPU
		{E6E6067A-5700-42E2-BC82-6B9B8122CA64}.Release|Any CPU.ActiveCfg = Release|Any CPU
		{E6E6067A-5700-42E2-BC82-6B9B8122CA64}.Release|Any CPU.Build.0 = Release|Any CPU
		{E6E6067A-5700-42E2-BC82-6B9B8122CA64}.Release|x64.ActiveCfg = Release|Any CPU
		{E6E6067A-5700-42E2-BC82-6B9B8122CA64}.Release|x64.Build.0 = Release|Any CPU
		{E6E6067A-5700-42E2-BC82-6B9B8122CA64}.Release|x86.ActiveCfg = Release|Any CPU
		{E6E6067A-5700-42E2-BC82-6B9B8122CA64}.Release|x86.Build.0 = Release|Any CPU
		{A0334C14-D57E-4A4E-B33E-8B9E726670BB}.Debug|Any CPU.ActiveCfg = Debug|Any CPU
		{A0334C14-D57E-4A4E-B33E-8B9E726670BB}.Debug|Any CPU.Build.0 = Debug|Any CPU
		{A0334C14-D57E-4A4E-B33E-8B9E726670BB}.Debug|x64.ActiveCfg = Debug|Any CPU
		{A0334C14-D57E-4A4E-B33E-8B9E726670BB}.Debug|x64.Build.0 = Debug|Any CPU
		{A0334C14-D57E-4A4E-B33E-8B9E726670BB}.Debug|x86.ActiveCfg = Debug|Any CPU
		{A0334C14-D57E-4A4E-B33E-8B9E726670BB}.Debug|x86.Build.0 = Debug|Any CPU
		{A0334C14-D57E-4A4E-B33E-8B9E726670BB}.Release|Any CPU.ActiveCfg = Release|Any CPU
		{A0334C14-D57E-4A4E-B33E-8B9E726670BB}.Release|Any CPU.Build.0 = Release|Any CPU
		{A0334C14-D57E-4A4E-B33E-8B9E726670BB}.Release|x64.ActiveCfg = Release|Any CPU
		{A0334C14-D57E-4A4E-B33E-8B9E726670BB}.Release|x64.Build.0 = Release|Any CPU
		{A0334C14-D57E-4A4E-B33E-8B9E726670BB}.Release|x86.ActiveCfg = Release|Any CPU
		{A0334C14-D57E-4A4E-B33E-8B9E726670BB}.Release|x86.Build.0 = Release|Any CPU
		{B0F9E708-AD7A-485A-84C6-145FC1ED8F2E}.Debug|Any CPU.ActiveCfg = Debug|Any CPU
		{B0F9E708-AD7A-485A-84C6-145FC1ED8F2E}.Debug|Any CPU.Build.0 = Debug|Any CPU
		{B0F9E708-AD7A-485A-84C6-145FC1ED8F2E}.Debug|x64.ActiveCfg = Debug|Any CPU
		{B0F9E708-AD7A-485A-84C6-145FC1ED8F2E}.Debug|x64.Build.0 = Debug|Any CPU
		{B0F9E708-AD7A-485A-84C6-145FC1ED8F2E}.Debug|x86.ActiveCfg = Debug|Any CPU
		{B0F9E708-AD7A-485A-84C6-145FC1ED8F2E}.Debug|x86.Build.0 = Debug|Any CPU
		{B0F9E708-AD7A-485A-84C6-145FC1ED8F2E}.Release|Any CPU.ActiveCfg = Release|Any CPU
		{B0F9E708-AD7A-485A-84C6-145FC1ED8F2E}.Release|Any CPU.Build.0 = Release|Any CPU
		{B0F9E708-AD7A-485A-84C6-145FC1ED8F2E}.Release|x64.ActiveCfg = Release|Any CPU
		{B0F9E708-AD7A-485A-84C6-145FC1ED8F2E}.Release|x64.Build.0 = Release|Any CPU
		{B0F9E708-AD7A-485A-84C6-145FC1ED8F2E}.Release|x86.ActiveCfg = Release|Any CPU
		{B0F9E708-AD7A-485A-84C6-145FC1ED8F2E}.Release|x86.Build.0 = Release|Any CPU
		{0B0A1C6A-799D-466E-BF6D-184880D053F1}.Debug|Any CPU.ActiveCfg = Debug|Any CPU
		{0B0A1C6A-799D-466E-BF6D-184880D053F1}.Debug|Any CPU.Build.0 = Debug|Any CPU
		{0B0A1C6A-799D-466E-BF6D-184880D053F1}.Debug|x64.ActiveCfg = Debug|Any CPU
		{0B0A1C6A-799D-466E-BF6D-184880D053F1}.Debug|x64.Build.0 = Debug|Any CPU
		{0B0A1C6A-799D-466E-BF6D-184880D053F1}.Debug|x86.ActiveCfg = Debug|Any CPU
		{0B0A1C6A-799D-466E-BF6D-184880D053F1}.Debug|x86.Build.0 = Debug|Any CPU
		{0B0A1C6A-799D-466E-BF6D-184880D053F1}.Release|Any CPU.ActiveCfg = Release|Any CPU
		{0B0A1C6A-799D-466E-BF6D-184880D053F1}.Release|Any CPU.Build.0 = Release|Any CPU
		{0B0A1C6A-799D-466E-BF6D-184880D053F1}.Release|x64.ActiveCfg = Release|Any CPU
		{0B0A1C6A-799D-466E-BF6D-184880D053F1}.Release|x64.Build.0 = Release|Any CPU
		{0B0A1C6A-799D-466E-BF6D-184880D053F1}.Release|x86.ActiveCfg = Release|Any CPU
		{0B0A1C6A-799D-466E-BF6D-184880D053F1}.Release|x86.Build.0 = Release|Any CPU
		{E5A9F321-3F25-4E5F-B315-162F7B4888E6}.Debug|Any CPU.ActiveCfg = Debug|Any CPU
		{E5A9F321-3F25-4E5F-B315-162F7B4888E6}.Debug|Any CPU.Build.0 = Debug|Any CPU
		{E5A9F321-3F25-4E5F-B315-162F7B4888E6}.Debug|x64.ActiveCfg = Debug|Any CPU
		{E5A9F321-3F25-4E5F-B315-162F7B4888E6}.Debug|x64.Build.0 = Debug|Any CPU
		{E5A9F321-3F25-4E5F-B315-162F7B4888E6}.Debug|x86.ActiveCfg = Debug|Any CPU
		{E5A9F321-3F25-4E5F-B315-162F7B4888E6}.Debug|x86.Build.0 = Debug|Any CPU
		{E5A9F321-3F25-4E5F-B315-162F7B4888E6}.Release|Any CPU.ActiveCfg = Release|Any CPU
		{E5A9F321-3F25-4E5F-B315-162F7B4888E6}.Release|Any CPU.Build.0 = Release|Any CPU
		{E5A9F321-3F25-4E5F-B315-162F7B4888E6}.Release|x64.ActiveCfg = Release|Any CPU
		{E5A9F321-3F25-4E5F-B315-162F7B4888E6}.Release|x64.Build.0 = Release|Any CPU
		{E5A9F321-3F25-4E5F-B315-162F7B4888E6}.Release|x86.ActiveCfg = Release|Any CPU
		{E5A9F321-3F25-4E5F-B315-162F7B4888E6}.Release|x86.Build.0 = Release|Any CPU
		{509414A2-C40F-4186-A876-C22E63226F49}.Debug|Any CPU.ActiveCfg = Debug|Any CPU
		{509414A2-C40F-4186-A876-C22E63226F49}.Debug|Any CPU.Build.0 = Debug|Any CPU
		{509414A2-C40F-4186-A876-C22E63226F49}.Debug|x64.ActiveCfg = Debug|Any CPU
		{509414A2-C40F-4186-A876-C22E63226F49}.Debug|x64.Build.0 = Debug|Any CPU
		{509414A2-C40F-4186-A876-C22E63226F49}.Debug|x86.ActiveCfg = Debug|Any CPU
		{509414A2-C40F-4186-A876-C22E63226F49}.Debug|x86.Build.0 = Debug|Any CPU
		{509414A2-C40F-4186-A876-C22E63226F49}.Release|Any CPU.ActiveCfg = Release|Any CPU
		{509414A2-C40F-4186-A876-C22E63226F49}.Release|Any CPU.Build.0 = Release|Any CPU
		{509414A2-C40F-4186-A876-C22E63226F49}.Release|x64.ActiveCfg = Release|Any CPU
		{509414A2-C40F-4186-A876-C22E63226F49}.Release|x64.Build.0 = Release|Any CPU
		{509414A2-C40F-4186-A876-C22E63226F49}.Release|x86.ActiveCfg = Release|Any CPU
		{509414A2-C40F-4186-A876-C22E63226F49}.Release|x86.Build.0 = Release|Any CPU
		{BED8F227-0157-49C0-983E-9DBA1C1D0A5F}.Debug|Any CPU.ActiveCfg = Debug|Any CPU
		{BED8F227-0157-49C0-983E-9DBA1C1D0A5F}.Debug|Any CPU.Build.0 = Debug|Any CPU
		{BED8F227-0157-49C0-983E-9DBA1C1D0A5F}.Debug|x64.ActiveCfg = Debug|Any CPU
		{BED8F227-0157-49C0-983E-9DBA1C1D0A5F}.Debug|x64.Build.0 = Debug|Any CPU
		{BED8F227-0157-49C0-983E-9DBA1C1D0A5F}.Debug|x86.ActiveCfg = Debug|Any CPU
		{BED8F227-0157-49C0-983E-9DBA1C1D0A5F}.Debug|x86.Build.0 = Debug|Any CPU
		{BED8F227-0157-49C0-983E-9DBA1C1D0A5F}.Release|Any CPU.ActiveCfg = Release|Any CPU
		{BED8F227-0157-49C0-983E-9DBA1C1D0A5F}.Release|Any CPU.Build.0 = Release|Any CPU
		{BED8F227-0157-49C0-983E-9DBA1C1D0A5F}.Release|x64.ActiveCfg = Release|Any CPU
		{BED8F227-0157-49C0-983E-9DBA1C1D0A5F}.Release|x64.Build.0 = Release|Any CPU
		{BED8F227-0157-49C0-983E-9DBA1C1D0A5F}.Release|x86.ActiveCfg = Release|Any CPU
		{BED8F227-0157-49C0-983E-9DBA1C1D0A5F}.Release|x86.Build.0 = Release|Any CPU
		{9E6679D3-C6B9-43A3-B1FF-AA1FCABF7102}.Debug|Any CPU.ActiveCfg = Debug|Any CPU
		{9E6679D3-C6B9-43A3-B1FF-AA1FCABF7102}.Debug|Any CPU.Build.0 = Debug|Any CPU
		{9E6679D3-C6B9-43A3-B1FF-AA1FCABF7102}.Debug|x64.ActiveCfg = Debug|Any CPU
		{9E6679D3-C6B9-43A3-B1FF-AA1FCABF7102}.Debug|x64.Build.0 = Debug|Any CPU
		{9E6679D3-C6B9-43A3-B1FF-AA1FCABF7102}.Debug|x86.ActiveCfg = Debug|Any CPU
		{9E6679D3-C6B9-43A3-B1FF-AA1FCABF7102}.Debug|x86.Build.0 = Debug|Any CPU
		{9E6679D3-C6B9-43A3-B1FF-AA1FCABF7102}.Release|Any CPU.ActiveCfg = Release|Any CPU
		{9E6679D3-C6B9-43A3-B1FF-AA1FCABF7102}.Release|Any CPU.Build.0 = Release|Any CPU
		{9E6679D3-C6B9-43A3-B1FF-AA1FCABF7102}.Release|x64.ActiveCfg = Release|Any CPU
		{9E6679D3-C6B9-43A3-B1FF-AA1FCABF7102}.Release|x64.Build.0 = Release|Any CPU
		{9E6679D3-C6B9-43A3-B1FF-AA1FCABF7102}.Release|x86.ActiveCfg = Release|Any CPU
		{9E6679D3-C6B9-43A3-B1FF-AA1FCABF7102}.Release|x86.Build.0 = Release|Any CPU
		{8D47D2E1-8837-4BCE-B695-638CB27BEEB6}.Debug|Any CPU.ActiveCfg = Debug|Any CPU
		{8D47D2E1-8837-4BCE-B695-638CB27BEEB6}.Debug|Any CPU.Build.0 = Debug|Any CPU
		{8D47D2E1-8837-4BCE-B695-638CB27BEEB6}.Debug|x64.ActiveCfg = Debug|Any CPU
		{8D47D2E1-8837-4BCE-B695-638CB27BEEB6}.Debug|x64.Build.0 = Debug|Any CPU
		{8D47D2E1-8837-4BCE-B695-638CB27BEEB6}.Debug|x86.ActiveCfg = Debug|Any CPU
		{8D47D2E1-8837-4BCE-B695-638CB27BEEB6}.Debug|x86.Build.0 = Debug|Any CPU
		{8D47D2E1-8837-4BCE-B695-638CB27BEEB6}.Release|Any CPU.ActiveCfg = Release|Any CPU
		{8D47D2E1-8837-4BCE-B695-638CB27BEEB6}.Release|Any CPU.Build.0 = Release|Any CPU
		{8D47D2E1-8837-4BCE-B695-638CB27BEEB6}.Release|x64.ActiveCfg = Release|Any CPU
		{8D47D2E1-8837-4BCE-B695-638CB27BEEB6}.Release|x64.Build.0 = Release|Any CPU
		{8D47D2E1-8837-4BCE-B695-638CB27BEEB6}.Release|x86.ActiveCfg = Release|Any CPU
		{8D47D2E1-8837-4BCE-B695-638CB27BEEB6}.Release|x86.Build.0 = Release|Any CPU
		{3872CA74-469C-41B1-AC2A-4943845C239E}.Debug|Any CPU.ActiveCfg = Debug|Any CPU
		{3872CA74-469C-41B1-AC2A-4943845C239E}.Debug|Any CPU.Build.0 = Debug|Any CPU
		{3872CA74-469C-41B1-AC2A-4943845C239E}.Debug|x64.ActiveCfg = Debug|Any CPU
		{3872CA74-469C-41B1-AC2A-4943845C239E}.Debug|x64.Build.0 = Debug|Any CPU
		{3872CA74-469C-41B1-AC2A-4943845C239E}.Debug|x86.ActiveCfg = Debug|Any CPU
		{3872CA74-469C-41B1-AC2A-4943845C239E}.Debug|x86.Build.0 = Debug|Any CPU
		{3872CA74-469C-41B1-AC2A-4943845C239E}.Release|Any CPU.ActiveCfg = Release|Any CPU
		{3872CA74-469C-41B1-AC2A-4943845C239E}.Release|Any CPU.Build.0 = Release|Any CPU
		{3872CA74-469C-41B1-AC2A-4943845C239E}.Release|x64.ActiveCfg = Release|Any CPU
		{3872CA74-469C-41B1-AC2A-4943845C239E}.Release|x64.Build.0 = Release|Any CPU
		{3872CA74-469C-41B1-AC2A-4943845C239E}.Release|x86.ActiveCfg = Release|Any CPU
		{3872CA74-469C-41B1-AC2A-4943845C239E}.Release|x86.Build.0 = Release|Any CPU
		{6DB319AC-5E7C-4059-A2AB-D63600D3854B}.Debug|Any CPU.ActiveCfg = Debug|Any CPU
		{6DB319AC-5E7C-4059-A2AB-D63600D3854B}.Debug|Any CPU.Build.0 = Debug|Any CPU
		{6DB319AC-5E7C-4059-A2AB-D63600D3854B}.Debug|x64.ActiveCfg = Debug|Any CPU
		{6DB319AC-5E7C-4059-A2AB-D63600D3854B}.Debug|x64.Build.0 = Debug|Any CPU
		{6DB319AC-5E7C-4059-A2AB-D63600D3854B}.Debug|x86.ActiveCfg = Debug|Any CPU
		{6DB319AC-5E7C-4059-A2AB-D63600D3854B}.Debug|x86.Build.0 = Debug|Any CPU
		{6DB319AC-5E7C-4059-A2AB-D63600D3854B}.Release|Any CPU.ActiveCfg = Release|Any CPU
		{6DB319AC-5E7C-4059-A2AB-D63600D3854B}.Release|Any CPU.Build.0 = Release|Any CPU
		{6DB319AC-5E7C-4059-A2AB-D63600D3854B}.Release|x64.ActiveCfg = Release|Any CPU
		{6DB319AC-5E7C-4059-A2AB-D63600D3854B}.Release|x64.Build.0 = Release|Any CPU
		{6DB319AC-5E7C-4059-A2AB-D63600D3854B}.Release|x86.ActiveCfg = Release|Any CPU
		{6DB319AC-5E7C-4059-A2AB-D63600D3854B}.Release|x86.Build.0 = Release|Any CPU
		{9C9DAD8B-FFEC-4267-B166-E73F706E7D8F}.Debug|Any CPU.ActiveCfg = Debug|Any CPU
		{9C9DAD8B-FFEC-4267-B166-E73F706E7D8F}.Debug|Any CPU.Build.0 = Debug|Any CPU
		{9C9DAD8B-FFEC-4267-B166-E73F706E7D8F}.Debug|x64.ActiveCfg = Debug|Any CPU
		{9C9DAD8B-FFEC-4267-B166-E73F706E7D8F}.Debug|x64.Build.0 = Debug|Any CPU
		{9C9DAD8B-FFEC-4267-B166-E73F706E7D8F}.Debug|x86.ActiveCfg = Debug|Any CPU
		{9C9DAD8B-FFEC-4267-B166-E73F706E7D8F}.Debug|x86.Build.0 = Debug|Any CPU
		{9C9DAD8B-FFEC-4267-B166-E73F706E7D8F}.Release|Any CPU.ActiveCfg = Release|Any CPU
		{9C9DAD8B-FFEC-4267-B166-E73F706E7D8F}.Release|Any CPU.Build.0 = Release|Any CPU
		{9C9DAD8B-FFEC-4267-B166-E73F706E7D8F}.Release|x64.ActiveCfg = Release|Any CPU
		{9C9DAD8B-FFEC-4267-B166-E73F706E7D8F}.Release|x64.Build.0 = Release|Any CPU
		{9C9DAD8B-FFEC-4267-B166-E73F706E7D8F}.Release|x86.ActiveCfg = Release|Any CPU
		{9C9DAD8B-FFEC-4267-B166-E73F706E7D8F}.Release|x86.Build.0 = Release|Any CPU
		{9EFD129C-5EFD-4DC6-A9C5-AA815548EA1B}.Debug|Any CPU.ActiveCfg = Debug|Any CPU
		{9EFD129C-5EFD-4DC6-A9C5-AA815548EA1B}.Debug|Any CPU.Build.0 = Debug|Any CPU
		{9EFD129C-5EFD-4DC6-A9C5-AA815548EA1B}.Debug|x64.ActiveCfg = Debug|Any CPU
		{9EFD129C-5EFD-4DC6-A9C5-AA815548EA1B}.Debug|x64.Build.0 = Debug|Any CPU
		{9EFD129C-5EFD-4DC6-A9C5-AA815548EA1B}.Debug|x86.ActiveCfg = Debug|Any CPU
		{9EFD129C-5EFD-4DC6-A9C5-AA815548EA1B}.Debug|x86.Build.0 = Debug|Any CPU
		{9EFD129C-5EFD-4DC6-A9C5-AA815548EA1B}.Release|Any CPU.ActiveCfg = Release|Any CPU
		{9EFD129C-5EFD-4DC6-A9C5-AA815548EA1B}.Release|Any CPU.Build.0 = Release|Any CPU
		{9EFD129C-5EFD-4DC6-A9C5-AA815548EA1B}.Release|x64.ActiveCfg = Release|Any CPU
		{9EFD129C-5EFD-4DC6-A9C5-AA815548EA1B}.Release|x64.Build.0 = Release|Any CPU
		{9EFD129C-5EFD-4DC6-A9C5-AA815548EA1B}.Release|x86.ActiveCfg = Release|Any CPU
		{9EFD129C-5EFD-4DC6-A9C5-AA815548EA1B}.Release|x86.Build.0 = Release|Any CPU
		{D2CA634A-43A3-450A-B36E-5AE018BBE471}.Debug|Any CPU.ActiveCfg = Debug|Any CPU
		{D2CA634A-43A3-450A-B36E-5AE018BBE471}.Debug|Any CPU.Build.0 = Debug|Any CPU
		{D2CA634A-43A3-450A-B36E-5AE018BBE471}.Debug|x64.ActiveCfg = Debug|Any CPU
		{D2CA634A-43A3-450A-B36E-5AE018BBE471}.Debug|x64.Build.0 = Debug|Any CPU
		{D2CA634A-43A3-450A-B36E-5AE018BBE471}.Debug|x86.ActiveCfg = Debug|Any CPU
		{D2CA634A-43A3-450A-B36E-5AE018BBE471}.Debug|x86.Build.0 = Debug|Any CPU
		{D2CA634A-43A3-450A-B36E-5AE018BBE471}.Release|Any CPU.ActiveCfg = Release|Any CPU
		{D2CA634A-43A3-450A-B36E-5AE018BBE471}.Release|Any CPU.Build.0 = Release|Any CPU
		{D2CA634A-43A3-450A-B36E-5AE018BBE471}.Release|x64.ActiveCfg = Release|Any CPU
		{D2CA634A-43A3-450A-B36E-5AE018BBE471}.Release|x64.Build.0 = Release|Any CPU
		{D2CA634A-43A3-450A-B36E-5AE018BBE471}.Release|x86.ActiveCfg = Release|Any CPU
		{D2CA634A-43A3-450A-B36E-5AE018BBE471}.Release|x86.Build.0 = Release|Any CPU
		{D0E4B75D-2004-496F-919A-4357D215582A}.Debug|Any CPU.ActiveCfg = Debug|Any CPU
		{D0E4B75D-2004-496F-919A-4357D215582A}.Debug|Any CPU.Build.0 = Debug|Any CPU
		{D0E4B75D-2004-496F-919A-4357D215582A}.Debug|x64.ActiveCfg = Debug|Any CPU
		{D0E4B75D-2004-496F-919A-4357D215582A}.Debug|x64.Build.0 = Debug|Any CPU
		{D0E4B75D-2004-496F-919A-4357D215582A}.Debug|x86.ActiveCfg = Debug|Any CPU
		{D0E4B75D-2004-496F-919A-4357D215582A}.Debug|x86.Build.0 = Debug|Any CPU
		{D0E4B75D-2004-496F-919A-4357D215582A}.Release|Any CPU.ActiveCfg = Release|Any CPU
		{D0E4B75D-2004-496F-919A-4357D215582A}.Release|Any CPU.Build.0 = Release|Any CPU
		{D0E4B75D-2004-496F-919A-4357D215582A}.Release|x64.ActiveCfg = Release|Any CPU
		{D0E4B75D-2004-496F-919A-4357D215582A}.Release|x64.Build.0 = Release|Any CPU
		{D0E4B75D-2004-496F-919A-4357D215582A}.Release|x86.ActiveCfg = Release|Any CPU
		{D0E4B75D-2004-496F-919A-4357D215582A}.Release|x86.Build.0 = Release|Any CPU
		{2CAD793B-BB1F-4774-96C0-432E9AED8A0E}.Debug|Any CPU.ActiveCfg = Debug|Any CPU
		{2CAD793B-BB1F-4774-96C0-432E9AED8A0E}.Debug|Any CPU.Build.0 = Debug|Any CPU
		{2CAD793B-BB1F-4774-96C0-432E9AED8A0E}.Debug|x64.ActiveCfg = Debug|Any CPU
		{2CAD793B-BB1F-4774-96C0-432E9AED8A0E}.Debug|x64.Build.0 = Debug|Any CPU
		{2CAD793B-BB1F-4774-96C0-432E9AED8A0E}.Debug|x86.ActiveCfg = Debug|Any CPU
		{2CAD793B-BB1F-4774-96C0-432E9AED8A0E}.Debug|x86.Build.0 = Debug|Any CPU
		{2CAD793B-BB1F-4774-96C0-432E9AED8A0E}.Release|Any CPU.ActiveCfg = Release|Any CPU
		{2CAD793B-BB1F-4774-96C0-432E9AED8A0E}.Release|Any CPU.Build.0 = Release|Any CPU
		{2CAD793B-BB1F-4774-96C0-432E9AED8A0E}.Release|x64.ActiveCfg = Release|Any CPU
		{2CAD793B-BB1F-4774-96C0-432E9AED8A0E}.Release|x64.Build.0 = Release|Any CPU
		{2CAD793B-BB1F-4774-96C0-432E9AED8A0E}.Release|x86.ActiveCfg = Release|Any CPU
		{2CAD793B-BB1F-4774-96C0-432E9AED8A0E}.Release|x86.Build.0 = Release|Any CPU
		{70672947-F0D1-4173-B30C-11E1F53787B4}.Debug|Any CPU.ActiveCfg = Debug|Any CPU
		{70672947-F0D1-4173-B30C-11E1F53787B4}.Debug|Any CPU.Build.0 = Debug|Any CPU
		{70672947-F0D1-4173-B30C-11E1F53787B4}.Debug|x64.ActiveCfg = Debug|Any CPU
		{70672947-F0D1-4173-B30C-11E1F53787B4}.Debug|x64.Build.0 = Debug|Any CPU
		{70672947-F0D1-4173-B30C-11E1F53787B4}.Debug|x86.ActiveCfg = Debug|Any CPU
		{70672947-F0D1-4173-B30C-11E1F53787B4}.Debug|x86.Build.0 = Debug|Any CPU
		{70672947-F0D1-4173-B30C-11E1F53787B4}.Release|Any CPU.ActiveCfg = Release|Any CPU
		{70672947-F0D1-4173-B30C-11E1F53787B4}.Release|Any CPU.Build.0 = Release|Any CPU
		{70672947-F0D1-4173-B30C-11E1F53787B4}.Release|x64.ActiveCfg = Release|Any CPU
		{70672947-F0D1-4173-B30C-11E1F53787B4}.Release|x64.Build.0 = Release|Any CPU
		{70672947-F0D1-4173-B30C-11E1F53787B4}.Release|x86.ActiveCfg = Release|Any CPU
		{70672947-F0D1-4173-B30C-11E1F53787B4}.Release|x86.Build.0 = Release|Any CPU
		{EB4B0348-27D5-4386-A585-A8C49EE6C838}.Debug|Any CPU.ActiveCfg = Debug|Any CPU
		{EB4B0348-27D5-4386-A585-A8C49EE6C838}.Debug|Any CPU.Build.0 = Debug|Any CPU
		{EB4B0348-27D5-4386-A585-A8C49EE6C838}.Debug|x64.ActiveCfg = Debug|Any CPU
		{EB4B0348-27D5-4386-A585-A8C49EE6C838}.Debug|x64.Build.0 = Debug|Any CPU
		{EB4B0348-27D5-4386-A585-A8C49EE6C838}.Debug|x86.ActiveCfg = Debug|Any CPU
		{EB4B0348-27D5-4386-A585-A8C49EE6C838}.Debug|x86.Build.0 = Debug|Any CPU
		{EB4B0348-27D5-4386-A585-A8C49EE6C838}.Release|Any CPU.ActiveCfg = Release|Any CPU
		{EB4B0348-27D5-4386-A585-A8C49EE6C838}.Release|Any CPU.Build.0 = Release|Any CPU
		{EB4B0348-27D5-4386-A585-A8C49EE6C838}.Release|x64.ActiveCfg = Release|Any CPU
		{EB4B0348-27D5-4386-A585-A8C49EE6C838}.Release|x64.Build.0 = Release|Any CPU
		{EB4B0348-27D5-4386-A585-A8C49EE6C838}.Release|x86.ActiveCfg = Release|Any CPU
		{EB4B0348-27D5-4386-A585-A8C49EE6C838}.Release|x86.Build.0 = Release|Any CPU
		{0B6C63F5-D317-4831-83C6-9FE935FA9FE8}.Debug|Any CPU.ActiveCfg = Debug|Any CPU
		{0B6C63F5-D317-4831-83C6-9FE935FA9FE8}.Debug|Any CPU.Build.0 = Debug|Any CPU
		{0B6C63F5-D317-4831-83C6-9FE935FA9FE8}.Debug|x64.ActiveCfg = Debug|Any CPU
		{0B6C63F5-D317-4831-83C6-9FE935FA9FE8}.Debug|x64.Build.0 = Debug|Any CPU
		{0B6C63F5-D317-4831-83C6-9FE935FA9FE8}.Debug|x86.ActiveCfg = Debug|Any CPU
		{0B6C63F5-D317-4831-83C6-9FE935FA9FE8}.Debug|x86.Build.0 = Debug|Any CPU
		{0B6C63F5-D317-4831-83C6-9FE935FA9FE8}.Release|Any CPU.ActiveCfg = Release|Any CPU
		{0B6C63F5-D317-4831-83C6-9FE935FA9FE8}.Release|Any CPU.Build.0 = Release|Any CPU
		{0B6C63F5-D317-4831-83C6-9FE935FA9FE8}.Release|x64.ActiveCfg = Release|Any CPU
		{0B6C63F5-D317-4831-83C6-9FE935FA9FE8}.Release|x64.Build.0 = Release|Any CPU
		{0B6C63F5-D317-4831-83C6-9FE935FA9FE8}.Release|x86.ActiveCfg = Release|Any CPU
		{0B6C63F5-D317-4831-83C6-9FE935FA9FE8}.Release|x86.Build.0 = Release|Any CPU
	EndGlobalSection
	GlobalSection(SolutionProperties) = preSolution
		HideSolutionNode = FALSE
	EndGlobalSection
	GlobalSection(NestedProjects) = preSolution
		{02FFBEC2-E724-4A54-95C8-6E0A6C09B179} = {827E0CD3-B72D-47B6-A68D-7590B98EB39B}
		{7CF7D9C9-0046-4E14-8356-8A1A9305039A} = {827E0CD3-B72D-47B6-A68D-7590B98EB39B}
		{D311BF98-328E-4FF0-B026-C4B028C7C3F4} = {827E0CD3-B72D-47B6-A68D-7590B98EB39B}
		{0669C874-03EF-4123-B007-E1D07CD2C99A} = {827E0CD3-B72D-47B6-A68D-7590B98EB39B}
		{3AF40851-881A-4CED-84F3-03074E611194} = {827E0CD3-B72D-47B6-A68D-7590B98EB39B}
		{E6E6067A-5700-42E2-BC82-6B9B8122CA64} = {827E0CD3-B72D-47B6-A68D-7590B98EB39B}
		{A0334C14-D57E-4A4E-B33E-8B9E726670BB} = {827E0CD3-B72D-47B6-A68D-7590B98EB39B}
		{B0F9E708-AD7A-485A-84C6-145FC1ED8F2E} = {827E0CD3-B72D-47B6-A68D-7590B98EB39B}
		{0B0A1C6A-799D-466E-BF6D-184880D053F1} = {827E0CD3-B72D-47B6-A68D-7590B98EB39B}
		{E5A9F321-3F25-4E5F-B315-162F7B4888E6} = {827E0CD3-B72D-47B6-A68D-7590B98EB39B}
		{509414A2-C40F-4186-A876-C22E63226F49} = {827E0CD3-B72D-47B6-A68D-7590B98EB39B}
		{BED8F227-0157-49C0-983E-9DBA1C1D0A5F} = {827E0CD3-B72D-47B6-A68D-7590B98EB39B}
		{9E6679D3-C6B9-43A3-B1FF-AA1FCABF7102} = {827E0CD3-B72D-47B6-A68D-7590B98EB39B}
		{8D47D2E1-8837-4BCE-B695-638CB27BEEB6} = {827E0CD3-B72D-47B6-A68D-7590B98EB39B}
		{3872CA74-469C-41B1-AC2A-4943845C239E} = {827E0CD3-B72D-47B6-A68D-7590B98EB39B}
		{6DB319AC-5E7C-4059-A2AB-D63600D3854B} = {827E0CD3-B72D-47B6-A68D-7590B98EB39B}
		{9C9DAD8B-FFEC-4267-B166-E73F706E7D8F} = {827E0CD3-B72D-47B6-A68D-7590B98EB39B}
		{9EFD129C-5EFD-4DC6-A9C5-AA815548EA1B} = {827E0CD3-B72D-47B6-A68D-7590B98EB39B}
		{D2CA634A-43A3-450A-B36E-5AE018BBE471} = {827E0CD3-B72D-47B6-A68D-7590B98EB39B}
		{D0E4B75D-2004-496F-919A-4357D215582A} = {827E0CD3-B72D-47B6-A68D-7590B98EB39B}
		{2CAD793B-BB1F-4774-96C0-432E9AED8A0E} = {827E0CD3-B72D-47B6-A68D-7590B98EB39B}
		{70672947-F0D1-4173-B30C-11E1F53787B4} = {0AB3BF05-4346-4AA6-1389-037BE0695223}
		{EB4B0348-27D5-4386-A585-A8C49EE6C838} = {0AB3BF05-4346-4AA6-1389-037BE0695223}
		{0B6C63F5-D317-4831-83C6-9FE935FA9FE8} = {F313B7C0-2939-4ED8-BC79-D584723C91C7}
	EndGlobalSection
EndGlobal
